NeoBundleLock Apprentice 308559c79694d2b8758d1b89b0ae109df2e77643
NeoBundleLock dart-vim-plugin 8404686b55685664fbc9912ef4bb34d8d29478fe
NeoBundleLock julia-vim 7be86a14b25f7f069212f96e007dd45ca4d72c71
NeoBundleLock neobundle.vim 26d03781886ed887e390d4ad8b935987754b1c2c
NeoBundleLock nerdcommenter fd61bc71f64c8accf86f06c633fd19b205efa85b
NeoBundleLock vim-misc 3e6b8fb6f03f13434543ce1f5d24f6a5d3f34f0b
NeoBundleLock vim-notes e465a0a987dbacdf7291688215b8545f8584d409
NeoBundleLock vimtex 321adc64da2163727a41365a9e2f324514d0355b
