NeoBundleLock Apprentice 0c7fca96230be55b7e2a7899dd587b0947611b70
NeoBundleLock indentLine 4e4964d148f552bdec8c4271ed94d77eaa6c7543
NeoBundleLock julia-vim 3b8e8f9b03c4ffa415fb715406231efbbd1dfdd6
NeoBundleLock neobundle.vim 26d03781886ed887e390d4ad8b935987754b1c2c
NeoBundleLock neomake 6c4f364c77c90b78b9c844ff243536c9ac9e73cb
NeoBundleLock nerdcommenter 9a32fd2534427f7a1dcfe22e9c0ea6b67b6dbe78
NeoBundleLock nlanguagetool.nvim 12e165274c92b8098e14b5e767d9ddca3630a63d
NeoBundleLock riv.vim fb6d6f8c9d85128fd69c74f11bb7413addc002e8
NeoBundleLock vim-fish 50b95cbbcd09c046121367d49039710e9dc9c15f
NeoBundleLock vim-fugitive b5f7c37d939e0eb9d6f3aa82168c86dd27319a0c
NeoBundleLock vim-gitgutter a986ab054788776dca269d6c289b470255d54e8c
NeoBundleLock vim-misc 3e6b8fb6f03f13434543ce1f5d24f6a5d3f34f0b
NeoBundleLock vim-notes e465a0a987dbacdf7291688215b8545f8584d409
NeoBundleLock vim-qml c438f10de8d034582370fd67b9c33c9c5ca6effe
NeoBundleLock vim-repeat 8106e142dfdc278ff3eaaadd7b362ad7949d4357
NeoBundleLock vim-surround aa1f120ad3a29c27cc41d581cda3751c59343cce
NeoBundleLock vimtex 7beecec841b0bc04d1372d0d95dac5c46063113e
