NeoBundleLock Apprentice 5ae2aedca55fd628cec9578cf7d3f4f8b284bcb0
NeoBundleLock neobundle.vim c6fa48cd665071b7a4dbf5ab53f48cd5884716ee
NeoBundleLock nerdcommenter 285902752f7ab2052ac700a6d29b263dd5788afb
NeoBundleLock octave.vim b013fc904f5b7fba3bb2eefce06fe8b203646a70
NeoBundleLock vim-misc 3e6b8fb6f03f13434543ce1f5d24f6a5d3f34f0b
NeoBundleLock vim-notes e465a0a987dbacdf7291688215b8545f8584d409
NeoBundleLock vimtex d27c21b7d1113df2781c6567752c7e4192922a4e
